
Microsoft Visual Studio Solution File, Format Version 12.00
# Visual Studio Version 17
VisualStudioVersion = 17.9.34622.214
MinimumVisualStudioVersion = 10.0.40219.1
Project("{FAE04EC0-301F-11D3-BF4B-00C04F79EFBC}") = "RecipeChecker.Server", "RecipeChecker.Server\RecipeChecker.Server.csproj", "{CAB5C810-3687-482A-BB28-4738F5E3A738}"
EndProject
Project("{54A90642-561A-4BB1-A94E-469ADEE60C69}") = "recipechecker.client", "recipechecker.client\recipechecker.client.esproj", "{7612A678-F2D0-4930-A4E1-88B97F14E7EC}"
EndProject
Project("{FAE04EC0-301F-11D3-BF4B-00C04F79EFBC}") = "TestRecipeChecker", "TestRecipeChecker\TestRecipeChecker.csproj", "{31959ADC-D113-4B81-8434-416D7F2A4903}"
EndProject
Global
	GlobalSection(SolutionConfigurationPlatforms) = preSolution
		Debug|Any CPU = Debug|Any CPU
		Release|Any CPU = Release|Any CPU
	EndGlobalSection
	GlobalSection(ProjectConfigurationPlatforms) = postSolution
		{CAB5C810-3687-482A-BB28-4738F5E3A738}.Debug|Any CPU.ActiveCfg = Debug|Any CPU
		{CAB5C810-3687-482A-BB28-4738F5E3A738}.Debug|Any CPU.Build.0 = Debug|Any CPU
		{CAB5C810-3687-482A-BB28-4738F5E3A738}.Release|Any CPU.ActiveCfg = Release|Any CPU
		{CAB5C810-3687-482A-BB28-4738F5E3A738}.Release|Any CPU.Build.0 = Release|Any CPU
		{7612A678-F2D0-4930-A4E1-88B97F14E7EC}.Debug|Any CPU.ActiveCfg = Debug|Any CPU
		{7612A678-F2D0-4930-A4E1-88B97F14E7EC}.Debug|Any CPU.Build.0 = Debug|Any CPU
		{7612A678-F2D0-4930-A4E1-88B97F14E7EC}.Debug|Any CPU.Deploy.0 = Debug|Any CPU
		{7612A678-F2D0-4930-A4E1-88B97F14E7EC}.Release|Any CPU.ActiveCfg = Release|Any CPU
		{7612A678-F2D0-4930-A4E1-88B97F14E7EC}.Release|Any CPU.Build.0 = Release|Any CPU
		{7612A678-F2D0-4930-A4E1-88B97F14E7EC}.Release|Any CPU.Deploy.0 = Release|Any CPU
		{31959ADC-D113-4B81-8434-416D7F2A4903}.Debug|Any CPU.ActiveCfg = Debug|Any CPU
		{31959ADC-D113-4B81-8434-416D7F2A4903}.Debug|Any CPU.Build.0 = Debug|Any CPU
		{31959ADC-D113-4B81-8434-416D7F2A4903}.Release|Any CPU.ActiveCfg = Release|Any CPU
		{31959ADC-D113-4B81-8434-416D7F2A4903}.Release|Any CPU.Build.0 = Release|Any CPU
	EndGlobalSection
	GlobalSection(SolutionProperties) = preSolution
		HideSolutionNode = FALSE
	EndGlobalSection
	GlobalSection(ExtensibilityGlobals) = postSolution
		SolutionGuid = {CF26A670-CA87-4119-AC51-B0413D86DA98}
	EndGlobalSection
EndGlobal
